lockfileVersion: 5.3

specifiers:
  '@types/ws': ^8.2.2
  axios: ^0.21.1
  cheerio: ^1.0.0-rc.3
  dayjs: ^1.10.4
  esbuild: ^0.14.2
  esbuild-runner: ^2.2.1
  node-canvas: ^2.7.0
  ws: ^7.4.6
  zlib: ^1.0.5

dependencies:
  axios: registry.npmmirror.com/axios/0.21.4
  cheerio: registry.nlark.com/cheerio/1.0.0-rc.10
  dayjs: registry.nlark.com/dayjs/1.10.7
  esbuild: registry.npmmirror.com/esbuild/0.14.2
  esbuild-runner: registry.npmmirror.com/esbuild-runner/2.2.1_esbuild@0.14.2
  node-canvas: registry.npmmirror.com/node-canvas/2.7.0
  ws: registry.npmmirror.com/ws/7.5.6
  zlib: registry.npmmirror.com/zlib/1.0.5

devDependencies:
  '@types/ws': registry.npmmirror.com/@types/ws/8.2.2

packages:

  /concat-map/0.0.1:
    resolution: {integrity: sha1-2Klr13/Wjfd5OnMDajug1UBdR3s=, tarball: concat-map/download/concat-map-0.0.1.tgz}
    dev: false

  registry.nlark.com/abbrev/1.1.1:
    resolution: {integrity: sha1-+PLIh60Qv2f2NPAFtph/7TF5qsg=, registry: https://registry.npm.taobao.org/, tarball: https://registry.nlark.com/abbrev/download/abbrev-1.1.1.tgz}
    name: abbrev
    version: 1.1.1
    dev: false

  registry.nlark.com/agent-base/6.0.2:
    resolution: {integrity: sha1-Sf/1hXfP7j83F2/qtMIuAPhtf3c=, registry: https://registry.npm.taobao.org/, tarball: https://registry.nlark.com/agent-base/download/agent-base-6.0.2.tgz}
    name: agent-base
    version: 6.0.2
    engines: {node: '>= 6.0.0'}
    dependencies:
      debug: registry.npmmirror.com/debug/4.3.3
    transitivePeerDependencies:
      - supports-color
    dev: false

  registry.nlark.com/ansi-regex/5.0.1:
    resolution: {integrity: sha1-CCyyyJyf6GWaMRpTvWpNxTAdswQ=, registry: https://registry.npm.taobao.org/, tarball: https://registry.nlark.com/ansi-regex/download/ansi-regex-5.0.1.tgz}
    name: ansi-regex
    version: 5.0.1
    engines: {node: '>=8'}
    dev: false

  registry.nlark.com/aproba/2.0.0:
    resolution: {integrity: sha1-UlILiuW1aSFbNU78DKo/4eRaitw=, registry: https://registry.npm.taobao.org/, tarball: https://registry.nlark.com/aproba/download/aproba-2.0.0.tgz}
    name: aproba
    version: 2.0.0
    dev: false

  registry.nlark.com/are-we-there-yet/2.0.0:
    resolution: {integrity: sha1-Ny4Oe9J52OlMZTqqH2cgCIS/Phw=, registry: https://registry.npm.taobao.org/, tarball: https://registry.nlark.com/are-we-there-yet/download/are-we-there-yet-2.0.0.tgz}
    name: are-we-there-yet
    version: 2.0.0
    engines: {node: '>=10'}
    dependencies:
      delegates: registry.nlark.com/delegates/1.0.0
      readable-stream: registry.nlark.com/readable-stream/3.6.0
    dev: false

  registry.nlark.com/balanced-match/1.0.2:
    resolution: {integrity: sha1-6D46fj8wCzTLnYf2FfoMvzV2kO4=, registry: https://registry.npm.taobao.org/, tarball: https://registry.nlark.com/balanced-match/download/balanced-match-1.0.2.tgz}
    name: balanced-match
    version: 1.0.2
    dev: false

  registry.nlark.com/boolbase/1.0.0:
    resolution: {integrity: sha1-aN/1++YMUes3cl6p4+0xDcwed24=, registry: https://registry.npm.taobao.org/, tarball: https://registry.nlark.com/boolbase/download/boolbase-1.0.0.tgz}
    name: boolbase
    version: 1.0.0
    dev: false

  registry.nlark.com/brace-expansion/1.1.11:
    resolution: {integrity: sha1-PH/L9SnYcibz0vUrlm/1Jx60Qd0=, registry: https://registry.npm.taobao.org/, tarball: https://registry.nlark.com/brace-expansion/download/brace-expansion-1.1.11.tgz}
    name: brace-expansion
    version: 1.1.11
    dependencies:
      balanced-match: registry.nlark.com/balanced-match/1.0.2
      concat-map: 0.0.1
    dev: false

  registry.nlark.com/buffer-from/1.1.2:
    resolution: {integrity: sha1-KxRqb9cugLT1XSVfNe1Zo6mkG9U=, registry: https://registry.npm.taobao.org/, tarball: https://registry.nlark.com/buffer-from/download/buffer-from-1.1.2.tgz}
    name: buffer-from
    version: 1.1.2
    dev: false

  registry.nlark.com/cheerio-select/1.5.0:
    resolution: {integrity: sha1-+vPa6zGxfF4anavO4oiq+Kr6WCM=, registry: https://registry.npm.taobao.org/, tarball: https://registry.nlark.com/cheerio-select/download/cheerio-select-1.5.0.tgz}
    name: cheerio-select
    version: 1.5.0
    dependencies:
      css-select: registry.nlark.com/css-select/4.1.3
      css-what: registry.npmmirror.com/css-what/5.1.0
      domelementtype: registry.nlark.com/domelementtype/2.2.0
      domhandler: registry.nlark.com/domhandler/4.2.2
      domutils: registry.nlark.com/domutils/2.8.0
    dev: false

  registry.nlark.com/cheerio/1.0.0-rc.10:
    resolution: {integrity: sha1-K6Pc38wm55VvwfRA5h1RxkM3nz4=, registry: https://registry.npm.taobao.org/, tarball: https://registry.nlark.com/cheerio/download/cheerio-1.0.0-rc.10.tgz}
    name: cheerio
    version: 1.0.0-rc.10
    engines: {node: '>= 6'}
    dependencies:
      cheerio-select: registry.nlark.com/cheerio-select/1.5.0
      dom-serializer: registry.nlark.com/dom-serializer/1.3.2
      domhandler: registry.nlark.com/domhandler/4.2.2
      htmlparser2: registry.npmmirror.com/htmlparser2/6.1.0
      parse5: registry.nlark.com/parse5/6.0.1
      parse5-htmlparser2-tree-adapter: registry.nlark.com/parse5-htmlparser2-tree-adapter/6.0.1
      tslib: registry.nlark.com/tslib/2.3.1
    dev: false

  registry.nlark.com/chownr/2.0.0:
    resolution: {integrity: sha1-Fb++U9LqtM9w8YqM1o6+Wzyx3s4=, registry: https://registry.npm.taobao.org/, tarball: https://registry.nlark.com/chownr/download/chownr-2.0.0.tgz}
    name: chownr
    version: 2.0.0
    engines: {node: '>=10'}
    dev: false

  registry.nlark.com/console-control-strings/1.1.0:
    resolution: {integrity: sha1-PXz0Rk22RG6mRL9LOVB/mFEAjo4=, registry: https://registry.npm.taobao.org/, tarball: https://registry.nlark.com/console-control-strings/download/console-control-strings-1.1.0.tgz}
    name: console-control-strings
    version: 1.1.0
    dev: false

  registry.nlark.com/css-select/4.1.3:
    resolution: {integrity: sha1-pwRA9wMX8maRGK10/xBeZYSccGc=, registry: https://registry.npm.taobao.org/, tarball: https://registry.nlark.com/css-select/download/css-select-4.1.3.tgz}
    name: css-select
    version: 4.1.3
    dependencies:
      boolbase: registry.nlark.com/boolbase/1.0.0
      css-what: registry.npmmirror.com/css-what/5.1.0
      domhandler: registry.nlark.com/domhandler/4.2.2
      domutils: registry.nlark.com/domutils/2.8.0
      nth-check: registry.nlark.com/nth-check/2.0.1
    dev: false

  registry.nlark.com/dayjs/1.10.7:
    resolution: {integrity: sha1-LPX5Gt0oEWdIRAhmoKHSbzps5Gg=, registry: https://registry.npm.taobao.org/, tarball: https://registry.nlark.com/dayjs/download/dayjs-1.10.7.tgz}
    name: dayjs
    version: 1.10.7
    dev: false

  registry.nlark.com/delegates/1.0.0:
    resolution: {integrity: sha1-hMbhWbgZBP3KWaDvRM2HDTElD5o=, registry: https://registry.npm.taobao.org/, tarball: https://registry.nlark.com/delegates/download/delegates-1.0.0.tgz}
    name: delegates
    version: 1.0.0
    dev: false

  registry.nlark.com/detect-libc/1.0.3:
    resolution: {integrity: sha1-+hN8S9aY7fVc1c0CrFWfkaTEups=, registry: https://registry.npm.taobao.org/, tarball: https://registry.nlark.com/detect-libc/download/detect-libc-1.0.3.tgz}
    name: detect-libc
    version: 1.0.3
    engines: {node: '>=0.10'}
    hasBin: true
    dev: false

  registry.nlark.com/dom-serializer/1.3.2:
    resolution: {integrity: sha1-YgZDfTLO767HFhgDIwx6ILwbTZE=, registry: https://registry.npm.taobao.org/, tarball: https://registry.nlark.com/dom-serializer/download/dom-serializer-1.3.2.tgz}
    name: dom-serializer
    version: 1.3.2
    dependencies:
      domelementtype: registry.nlark.com/domelementtype/2.2.0
      domhandler: registry.nlark.com/domhandler/4.2.2
      entities: registry.nlark.com/entities/2.2.0
    dev: false

  registry.nlark.com/domelementtype/2.2.0:
    resolution: {integrity: sha1-mgtsJ4LtahxzI9QiZxg9+b2LHVc=, registry: https://registry.npm.taobao.org/, tarball: https://registry.nlark.com/domelementtype/download/domelementtype-2.2.0.tgz}
    name: domelementtype
    version: 2.2.0
    dev: false

  registry.nlark.com/domhandler/4.2.2:
    resolution: {integrity: sha1-6CXXIdGahrjCAaNSZOImxnjudV8=, registry: https://registry.npm.taobao.org/, tarball: https://registry.nlark.com/domhandler/download/domhandler-4.2.2.tgz}
    name: domhandler
    version: 4.2.2
    engines: {node: '>= 4'}
    dependencies:
      domelementtype: registry.nlark.com/domelementtype/2.2.0
    dev: false

  registry.nlark.com/domutils/2.8.0:
    resolution: {integrity: sha1-RDfe9dtuLR9dbuhZvZXKfQIEgTU=, registry: https://registry.npm.taobao.org/, tarball: https://registry.nlark.com/domutils/download/domutils-2.8.0.tgz}
    name: domutils
    version: 2.8.0
    dependencies:
      dom-serializer: registry.nlark.com/dom-serializer/1.3.2
      domelementtype: registry.nlark.com/domelementtype/2.2.0
      domhandler: registry.nlark.com/domhandler/4.2.2
    dev: false

  registry.nlark.com/entities/2.2.0:
    resolution: {integrity: sha1-CY3JDruD2N/6CJ1VJWs1HTTE2lU=, registry: https://registry.npm.taobao.org/, tarball: https://registry.nlark.com/entities/download/entities-2.2.0.tgz}
    name: entities
    version: 2.2.0
    dev: false

  registry.nlark.com/fs-minipass/2.1.0:
    resolution: {integrity: sha1-f1A2/b8SxjwWkZDL5BmchSJx+fs=, registry: https://registry.npm.taobao.org/, tarball: https://registry.nlark.com/fs-minipass/download/fs-minipass-2.1.0.tgz}
    name: fs-minipass
    version: 2.1.0
    engines: {node: '>= 8'}
    dependencies:
      minipass: registry.npmmirror.com/minipass/3.1.6
    dev: false

  registry.nlark.com/fs.realpath/1.0.0:
    resolution: {integrity: sha1-FQStJSMVjKpA20onh8sBQRmU6k8=, registry: https://registry.npm.taobao.org/, tarball: https://registry.nlark.com/fs.realpath/download/fs.realpath-1.0.0.tgz}
    name: fs.realpath
    version: 1.0.0
    dev: false

  registry.nlark.com/has-unicode/2.0.1:
    resolution: {integrity: sha1-4Ob+aijPUROIVeCG0Wkedx3iqLk=, registry: https://registry.npm.taobao.org/, tarball: https://registry.nlark.com/has-unicode/download/has-unicode-2.0.1.tgz}
    name: has-unicode
    version: 2.0.1
    dev: false

  registry.nlark.com/https-proxy-agent/5.0.0:
    resolution: {integrity: sha1-4qkFQqu2inYuCghQ9sntrf2FBrI=, registry: https://registry.npm.taobao.org/, tarball: https://registry.nlark.com/https-proxy-agent/download/https-proxy-agent-5.0.0.tgz}
    name: https-proxy-agent
    version: 5.0.0
    engines: {node: '>= 6'}
    dependencies:
      agent-base: registry.nlark.com/agent-base/6.0.2
      debug: registry.npmmirror.com/debug/4.3.3
    transitivePeerDependencies:
      - supports-color
    dev: false

  registry.nlark.com/inflight/1.0.6:
    resolution: {integrity: sha1-Sb1jMdfQLQwJvJEKEHW6gWW1bfk=, registry: https://registry.npm.taobao.org/, tarball: https://registry.nlark.com/inflight/download/inflight-1.0.6.tgz}
    name: inflight
    version: 1.0.6
    dependencies:
      once: registry.nlark.com/once/1.4.0
      wrappy: registry.nlark.com/wrappy/1.0.2
    dev: false

  registry.nlark.com/inherits/2.0.4:
    resolution: {integrity: sha1-D6LGT5MpF8NDOg3tVTY6rjdBa3w=, registry: https://registry.npm.taobao.org/, tarball: https://registry.nlark.com/inherits/download/inherits-2.0.4.tgz}
    name: inherits
    version: 2.0.4
    dev: false

  registry.nlark.com/is-fullwidth-code-point/3.0.0:
    resolution: {integrity: sha1-8Rb4Bk/pCz94RKOJl8C3UFEmnx0=, registry: https://registry.npm.taobao.org/, tarball: https://registry.nlark.com/is-fullwidth-code-point/download/is-fullwidth-code-point-3.0.0.tgz}
    name: is-fullwidth-code-point
    version: 3.0.0
    engines: {node: '>=8'}
    dev: false

  registry.nlark.com/lru-cache/6.0.0:
    resolution: {integrity: sha1-bW/mVw69lqr5D8rR2vo7JWbbOpQ=, registry: https://registry.npm.taobao.org/, tarball: https://registry.nlark.com/lru-cache/download/lru-cache-6.0.0.tgz}
    name: lru-cache
    version: 6.0.0
    engines: {node: '>=10'}
    dependencies:
      yallist: registry.nlark.com/yallist/4.0.0
    dev: false

  registry.nlark.com/make-dir/3.1.0:
    resolution: {integrity: sha1-QV6WcEazp/HRhSd9hKpYIDcmoT8=, registry: https://registry.npm.taobao.org/, tarball: https://registry.nlark.com/make-dir/download/make-dir-3.1.0.tgz}
    name: make-dir
    version: 3.1.0
    engines: {node: '>=8'}
    dependencies:
      semver: registry.nlark.com/semver/6.3.0
    dev: false

  registry.nlark.com/mimic-response/2.1.0:
    resolution: {integrity: sha1-0Tdj019hPQnsN+uzC6wEacDuj0M=, registry: https://registry.npm.taobao.org/, tarball: https://registry.nlark.com/mimic-response/download/mimic-response-2.1.0.tgz}
    name: mimic-response
    version: 2.1.0
    engines: {node: '>=8'}
    dev: false

  registry.nlark.com/minimatch/3.0.4:
    resolution: {integrity: sha1-UWbihkV/AzBgZL5Ul+jbsMPTIIM=, registry: https://registry.npm.taobao.org/, tarball: https://registry.nlark.com/minimatch/download/minimatch-3.0.4.tgz}
    name: minimatch
    version: 3.0.4
    dependencies:
      brace-expansion: registry.nlark.com/brace-expansion/1.1.11
    dev: false

  registry.nlark.com/nan/2.15.0:
    resolution: {integrity: sha1-PzSkc/8Y4VwbVia2KQO1rW5mX+4=, registry: https://registry.npm.taobao.org/, tarball: https://registry.nlark.com/nan/download/nan-2.15.0.tgz}
    name: nan
    version: 2.15.0
    dev: false

  registry.nlark.com/nopt/5.0.0:
    resolution: {integrity: sha1-UwlCu1ilEvzK/lP+IQ8TolNV3Ig=, registry: https://registry.npm.taobao.org/, tarball: https://registry.nlark.com/nopt/download/nopt-5.0.0.tgz}
    name: nopt
    version: 5.0.0
    engines: {node: '>=6'}
    hasBin: true
    dependencies:
      abbrev: registry.nlark.com/abbrev/1.1.1
    dev: false

  registry.nlark.com/nth-check/2.0.1:
    resolution: {integrity: sha1-Lv4WL1w9oGoolZ+9PbddvuqfD8I=, registry: https://registry.npm.taobao.org/, tarball: https://registry.nlark.com/nth-check/download/nth-check-2.0.1.tgz}
    name: nth-check
    version: 2.0.1
    dependencies:
      boolbase: registry.nlark.com/boolbase/1.0.0
    dev: false

  registry.nlark.com/object-assign/4.1.1:
    resolution: {integrity: sha1-IQmtx5ZYh8/AXLvUQsrIv7s2CGM=, registry: https://registry.npm.taobao.org/, tarball: https://registry.nlark.com/object-assign/download/object-assign-4.1.1.tgz?cache=0&sync_timestamp=1631600272706&other_urls=https%3A%2F%2Fregistry.nlark.com%2Fobject-assign%2Fdownload%2Fobject-assign-4.1.1.tgz}
    name: object-assign
    version: 4.1.1
    engines: {node: '>=0.10.0'}
    dev: false

  registry.nlark.com/once/1.4.0:
    resolution: {integrity: sha1-WDsap3WWHUsROsF9nFC6753Xa9E=, registry: https://registry.npm.taobao.org/, tarball: https://registry.nlark.com/once/download/once-1.4.0.tgz}
    name: once
    version: 1.4.0
    dependencies:
      wrappy: registry.nlark.com/wrappy/1.0.2
    dev: false

  registry.nlark.com/parse5-htmlparser2-tree-adapter/6.0.1:
    resolution: {integrity: sha1-LN+a2CMyEUA3DU2/XT6Sx8jdxuY=, registry: https://registry.npm.taobao.org/, tarball: https://registry.nlark.com/parse5-htmlparser2-tree-adapter/download/parse5-htmlparser2-tree-adapter-6.0.1.tgz}
    name: parse5-htmlparser2-tree-adapter
    version: 6.0.1
    dependencies:
      parse5: registry.nlark.com/parse5/6.0.1
    dev: false

  registry.nlark.com/parse5/6.0.1:
    resolution: {integrity: sha1-4aHAhcVps9wIMhGE8Zo5zCf3wws=, registry: https://registry.npm.taobao.org/, tarball: https://registry.nlark.com/parse5/download/parse5-6.0.1.tgz}
    name: parse5
    version: 6.0.1
    dev: false

  registry.nlark.com/path-is-absolute/1.0.1:
    resolution: {integrity: sha1-F0uSaHNVNP+8es5r9TpanhtcX18=, registry: https://registry.npm.taobao.org/, tarball: https://registry.nlark.com/path-is-absolute/download/path-is-absolute-1.0.1.tgz}
    name: path-is-absolute
    version: 1.0.1
    engines: {node: '>=0.10.0'}
    dev: false

  registry.nlark.com/readable-stream/3.6.0:
    resolution: {integrity: sha1-M3u9o63AcGvT4CRCaihtS0sskZg=, registry: https://registry.npm.taobao.org/, tarball: https://registry.nlark.com/readable-stream/download/readable-stream-3.6.0.tgz}
    name: readable-stream
    version: 3.6.0
    engines: {node: '>= 6'}
    dependencies:
      inherits: registry.nlark.com/inherits/2.0.4
      string_decoder: registry.nlark.com/string_decoder/1.3.0
      util-deprecate: registry.nlark.com/util-deprecate/1.0.2
    dev: false

  registry.nlark.com/safe-buffer/5.2.1:
    resolution: {integrity: sha1-Hq+fqb2x/dTsdfWPnNtOa3gn7sY=, registry: https://registry.npm.taobao.org/, tarball: https://registry.nlark.com/safe-buffer/download/safe-buffer-5.2.1.tgz}
    name: safe-buffer
    version: 5.2.1
    dev: false

  registry.nlark.com/semver/6.3.0:
    resolution: {integrity: sha1-7gpkyK9ejO6mdoexM3YeG+y9HT0=, registry: https://registry.npm.taobao.org/, tarball: https://registry.nlark.com/semver/download/semver-6.3.0.tgz}
    name: semver
    version: 6.3.0
    hasBin: true
    dev: false

  registry.nlark.com/semver/7.3.5:
    resolution: {integrity: sha1-C2Ich5NI2JmOSw5L6Us/EuYBjvc=, registry: https://registry.npm.taobao.org/, tarball: https://registry.nlark.com/semver/download/semver-7.3.5.tgz}
    name: semver
    version: 7.3.5
    engines: {node: '>=10'}
    hasBin: true
    dependencies:
      lru-cache: registry.nlark.com/lru-cache/6.0.0
    dev: false

  registry.nlark.com/set-blocking/2.0.0:
    resolution: {integrity: sha1-BF+XgtARrppoA93TgrJDkrPYkPc=, registry: https://registry.npm.taobao.org/, tarball: https://registry.nlark.com/set-blocking/download/set-blocking-2.0.0.tgz}
    name: set-blocking
    version: 2.0.0
    dev: false

  registry.nlark.com/source-map/0.6.1:
    resolution: {integrity: sha1-dHIq8y6WFOnCh6jQu95IteLxomM=, registry: https://registry.npm.taobao.org/, tarball: https://registry.nlark.com/source-map/download/source-map-0.6.1.tgz}
    name: source-map
    version: 0.6.1
    engines: {node: '>=0.10.0'}
    dev: false

  registry.nlark.com/string_decoder/1.3.0:
    resolution: {integrity: sha1-QvEUWUpGzxqOMLCoT1bHjD7awh4=, registry: https://registry.npm.taobao.org/, tarball: https://registry.nlark.com/string_decoder/download/string_decoder-1.3.0.tgz}
    name: string_decoder
    version: 1.3.0
    dependencies:
      safe-buffer: registry.nlark.com/safe-buffer/5.2.1
    dev: false

  registry.nlark.com/tar/6.1.11:
    resolution: {integrity: sha1-Z2CjjwA6+hsv/Q/+npq70Oqz1iE=, registry: https://registry.npm.taobao.org/, tarball: https://registry.nlark.com/tar/download/tar-6.1.11.tgz}
    name: tar
    version: 6.1.11
    engines: {node: '>= 10'}
    dependencies:
      chownr: registry.nlark.com/chownr/2.0.0
      fs-minipass: registry.nlark.com/fs-minipass/2.1.0
      minipass: registry.npmmirror.com/minipass/3.1.6
      minizlib: registry.npmmirror.com/minizlib/2.1.2
      mkdirp: registry.npmmirror.com/mkdirp/1.0.4
      yallist: registry.nlark.com/yallist/4.0.0
    dev: false

  registry.nlark.com/tslib/2.3.1:
    resolution: {integrity: sha1-6KM1rdXOrlGqJh0ypJAVjvBC7wE=, registry: https://registry.npm.taobao.org/, tarball: https://registry.nlark.com/tslib/download/tslib-2.3.1.tgz}
    name: tslib
    version: 2.3.1
    dev: false

  registry.nlark.com/util-deprecate/1.0.2:
    resolution: {integrity: sha1-RQ1Nyfpw3nMnYvvS1KKJgUGaDM8=, registry: https://registry.npm.taobao.org/, tarball: https://registry.nlark.com/util-deprecate/download/util-deprecate-1.0.2.tgz}
    name: util-deprecate
    version: 1.0.2
    dev: false

  registry.nlark.com/webidl-conversions/3.0.1:
    resolution: {integrity: sha1-JFNCdeKnvGvnvIZhHMFq4KVlSHE=, registry: https://registry.npm.taobao.org/, tarball: https://registry.nlark.com/webidl-conversions/download/webidl-conversions-3.0.1.tgz}
    name: webidl-conversions
    version: 3.0.1
    dev: false

  registry.nlark.com/wrappy/1.0.2:
    resolution: {integrity: sha1-tSQ9jz7BqjXxNkYFvA0QNuMKtp8=, registry: https://registry.npm.taobao.org/, tarball: https://registry.nlark.com/wrappy/download/wrappy-1.0.2.tgz}
    name: wrappy
    version: 1.0.2
    dev: false

  registry.nlark.com/yallist/4.0.0:
    resolution: {integrity: sha1-m7knkNnA7/7GO+c1GeEaNQGaOnI=, registry: https://registry.npm.taobao.org/, tarball: https://registry.nlark.com/yallist/download/yallist-4.0.0.tgz}
    name: yallist
    version: 4.0.0
    dev: false

  registry.npmmirror.com/@mapbox/node-pre-gyp/1.0.8:
    resolution: {integrity: sha512-CMGKi28CF+qlbXh26hDe6NxCd7amqeAzEqnS6IHeO6LoaKyM/n+Xw3HT1COdq8cuioOdlKdqn/hCmqPUOMOywg==, registry: https://registry.npm.taobao.org/, tarball: https://registry.npmmirror.com/@mapbox/node-pre-gyp/download/@mapbox/node-pre-gyp-1.0.8.tgz}
    name: '@mapbox/node-pre-gyp'
    version: 1.0.8
    hasBin: true
    dependencies:
      detect-libc: registry.nlark.com/detect-libc/1.0.3
      https-proxy-agent: registry.nlark.com/https-proxy-agent/5.0.0
      make-dir: registry.nlark.com/make-dir/3.1.0
      node-fetch: registry.npmmirror.com/node-fetch/2.6.6
      nopt: registry.nlark.com/nopt/5.0.0
      npmlog: registry.npmmirror.com/npmlog/5.0.1
      rimraf: registry.npmmirror.com/rimraf/3.0.2
      semver: registry.nlark.com/semver/7.3.5
      tar: registry.nlark.com/tar/6.1.11
    transitivePeerDependencies:
      - supports-color
    dev: false

  registry.npmmirror.com/@types/node/16.11.12:
    resolution: {integrity: sha512-+2Iggwg7PxoO5Kyhvsq9VarmPbIelXP070HMImEpbtGCoyWNINQj4wzjbQCXzdHTRXnqufutJb5KAURZANNBAw==, registry: https://registry.npm.taobao.org/, tarball: https://registry.npmmirror.com/@types/node/download/@types/node-16.11.12.tgz}
    name: '@types/node'
    version: 16.11.12
    dev: true

  registry.npmmirror.com/@types/ws/8.2.2:
    resolution: {integrity: sha512-NOn5eIcgWLOo6qW8AcuLZ7G8PycXu0xTxxkS6Q18VWFxgPUSOwV0pBj2a/4viNZVu25i7RIB7GttdkAIUUXOOg==, registry: https://registry.npm.taobao.org/, tarball: https://registry.npmmirror.com/@types/ws/download/@types/ws-8.2.2.tgz}
    name: '@types/ws'
    version: 8.2.2
    dependencies:
      '@types/node': registry.npmmirror.com/@types/node/16.11.12
    dev: true

  registry.npmmirror.com/axios/0.21.4:
    resolution: {integrity: sha1-xnuQ3AVo5cHPKwuFjEO6KOLtpXU=, registry: https://registry.npm.taobao.org/, tarball: https://registry.npmmirror.com/axios/download/axios-0.21.4.tgz}
    name: axios
    version: 0.21.4
    dependencies:
      follow-redirects: registry.npmmirror.com/follow-redirects/1.14.5
    transitivePeerDependencies:
      - debug
    dev: false

  registry.npmmirror.com/color-support/1.1.3:
    resolution: {integrity: sha1-k4NDeaHMmgxh+C9S8NBDIiUb1aI=, registry: https://registry.npm.taobao.org/, tarball: https://registry.npmmirror.com/color-support/download/color-support-1.1.3.tgz}
    name: color-support
    version: 1.1.3
    hasBin: true
    dev: false

  registry.npmmirror.com/css-what/5.1.0:
    resolution: {integrity: sha1-P3tweq32M7r2LCzrhXm1RbtA9/4=, registry: https://registry.npm.taobao.org/, tarball: https://registry.npmmirror.com/css-what/download/css-what-5.1.0.tgz}
    name: css-what
    version: 5.1.0
    engines: {node: '>= 6'}
    dev: false

  registry.npmmirror.com/debug/4.3.3:
    resolution: {integrity: sha512-/zxw5+vh1Tfv+4Qn7a5nsbcJKPaSvCDhojn6FEl9vupwK2VCSDtEiEtqr8DFtzYFOdz63LBkxec7DYuc2jon6Q==, registry: https://registry.npm.taobao.org/, tarball: https://registry.npmmirror.com/debug/download/debug-4.3.3.tgz}
    name: debug
    version: 4.3.3
    engines: {node: '>=6.0'}
    peerDependencies:
      supports-color: '*'
    peerDependenciesMeta:
      supports-color:
        optional: true
    dependencies:
      ms: registry.npmmirror.com/ms/2.1.2
    dev: false

  registry.npmmirror.com/decompress-response/4.2.1:
    resolution: {integrity: sha1-QUAjzHowLaJc4uyC0NUjjMr9iYY=, registry: https://registry.npm.taobao.org/, tarball: https://registry.npmmirror.com/decompress-response/download/decompress-response-4.2.1.tgz}
    name: decompress-response
    version: 4.2.1
    engines: {node: '>=8'}
    dependencies:
      mimic-response: registry.nlark.com/mimic-response/2.1.0
    dev: false

  registry.npmmirror.com/emoji-regex/8.0.0:
    resolution: {integrity: sha1-6Bj9ac5cz8tARZT4QpY79TFkzDc=, registry: https://registry.npm.taobao.org/, tarball: https://registry.npmmirror.com/emoji-regex/download/emoji-regex-8.0.0.tgz}
    name: emoji-regex
    version: 8.0.0
    dev: false

  registry.npmmirror.com/esbuild-android-arm64/0.14.2:
    resolution: {integrity: sha512-hEixaKMN3XXCkoe+0WcexO4CcBVU5DCSUT+7P8JZiWZCbAjSkc9b6Yz2X5DSfQmRCtI/cQRU6TfMYrMQ5NBfdw==, registry: https://registry.npm.taobao.org/, tarball: https://registry.npmmirror.com/esbuild-android-arm64/download/esbuild-android-arm64-0.14.2.tgz}
    name: esbuild-android-arm64
    version: 0.14.2
    cpu: [arm64]
    os: [android]
    requiresBuild: true
    dev: false
    optional: true

  registry.npmmirror.com/esbuild-darwin-64/0.14.2:
    resolution: {integrity: sha512-Uq8t0cbJQkxkQdbUfOl2wZqZ/AtLZjvJulR1HHnc96UgyzG9YlCLSDMiqjM+NANEy7/zzvwKJsy3iNC9wwqLJA==, registry: https://registry.npm.taobao.org/, tarball: https://registry.npmmirror.com/esbuild-darwin-64/download/esbuild-darwin-64-0.14.2.tgz}
    name: esbuild-darwin-64
    version: 0.14.2
    cpu: [x64]
    os: [darwin]
    requiresBuild: true
    dev: false
    optional: true

  registry.npmmirror.com/esbuild-darwin-arm64/0.14.2:
    resolution: {integrity: sha512-619MSa17sr7YCIrUj88KzQu2ESA4jKYtIYfLU/smX6qNgxQt3Y/gzM4s6sgJ4fPQzirvmXgcHv1ZNQAs/Xh48A==, registry: https://registry.npm.taobao.org/, tarball: https://registry.npmmirror.com/esbuild-darwin-arm64/download/esbuild-darwin-arm64-0.14.2.tgz}
    name: esbuild-darwin-arm64
    version: 0.14.2
    cpu: [arm64]
    os: [darwin]
    requiresBuild: true
    dev: false
    optional: true

  registry.npmmirror.com/esbuild-freebsd-64/0.14.2:
    resolution: {integrity: sha512-aP6FE/ZsChZpUV6F3HE3x1Pz0paoYXycJ7oLt06g0G9dhJKknPawXCqQg/WMyD+ldCEZfo7F1kavenPdIT/SGQ==, registry: https://registry.npm.taobao.org/, tarball: https://registry.npmmirror.com/esbuild-freebsd-64/download/esbuild-freebsd-64-0.14.2.tgz}
    name: esbuild-freebsd-64
    version: 0.14.2
    cpu: [x64]
    os: [freebsd]
    requiresBuild: true
    dev: false
    optional: true

  registry.npmmirror.com/esbuild-freebsd-arm64/0.14.2:
    resolution: {integrity: sha512-LSm98WTb1QIhyS83+Po0KTpZNdd2XpVpI9ua5rLWqKWbKeNRFwOsjeiuwBaRNc+O32s9oC2ZMefETxHBV6VNkQ==, registry: https://registry.npm.taobao.org/, tarball: https://registry.npmmirror.com/esbuild-freebsd-arm64/download/esbuild-freebsd-arm64-0.14.2.tgz}
    name: esbuild-freebsd-arm64
    version: 0.14.2
    cpu: [arm64]
    os: [freebsd]
    requiresBuild: true
    dev: false
    optional: true

  registry.npmmirror.com/esbuild-linux-32/0.14.2:
    resolution: {integrity: sha512-8VxnNEyeUbiGflTKcuVc5JEPTqXfsx2O6ABwUbfS1Hp26lYPRPC7pKQK5Dxa0MBejGc50jy7YZae3EGQUQ8EkQ==, registry: https://registry.npm.taobao.org/, tarball: https://registry.npmmirror.com/esbuild-linux-32/download/esbuild-linux-32-0.14.2.tgz}
    name: esbuild-linux-32
    version: 0.14.2
    cpu: [ia32]
    os: [linux]
    requiresBuild: true
    dev: false
    optional: true

  registry.npmmirror.com/esbuild-linux-64/0.14.2:
    resolution: {integrity: sha512-4bzMS2dNxOJoFIiHId4w+tqQzdnsch71JJV1qZnbnErSFWcR9lRgpSqWnTTFtv6XM+MvltRzSXC5wQ7AEBY6Hg==, registry: https://registry.npm.taobao.org/, tarball: https://registry.npmmirror.com/esbuild-linux-64/download/esbuild-linux-64-0.14.2.tgz}
    name: esbuild-linux-64
    version: 0.14.2
    cpu: [x64]
    os: [linux]
    requiresBuild: true
    dev: false
    optional: true

  registry.npmmirror.com/esbuild-linux-arm/0.14.2:
    resolution: {integrity: sha512-PaylahvMHhH8YMfJPMKEqi64qA0Su+d4FNfHKvlKes/2dUe4QxgbwXT9oLVgy8iJdcFMrO7By4R8fS8S0p8aVQ==, registry: https://registry.npm.taobao.org/, tarball: https://registry.npmmirror.com/esbuild-linux-arm/download/esbuild-linux-arm-0.14.2.tgz}
    name: esbuild-linux-arm
    version: 0.14.2
    cpu: [arm]
    os: [linux]
    requiresBuild: true
    dev: false
    optional: true

  registry.npmmirror.com/esbuild-linux-arm64/0.14.2:
    resolution: {integrity: sha512-RlIVp0RwJrdtasDF1vTFueLYZ8WuFzxoQ1OoRFZOTyJHCGCNgh7xJIC34gd7B7+RT0CzLBB4LcM5n0LS+hIoww==, registry: https://registry.npm.taobao.org/, tarball: https://registry.npmmirror.com/esbuild-linux-arm64/download/esbuild-linux-arm64-0.14.2.tgz}
    name: esbuild-linux-arm64
    version: 0.14.2
    cpu: [arm64]
    os: [linux]
    requiresBuild: true
    dev: false
    optional: true

  registry.npmmirror.com/esbuild-linux-mips64le/0.14.2:
    resolution: {integrity: sha512-Fdwrq2roFnO5oetIiUQQueZ3+5soCxBSJswg3MvYaXDomj47BN6oAWMZgLrFh1oVrtWrxSDLCJBenYdbm2s+qQ==, registry: https://registry.npm.taobao.org/, tarball: https://registry.npmmirror.com/esbuild-linux-mips64le/download/esbuild-linux-mips64le-0.14.2.tgz}
    name: esbuild-linux-mips64le
    version: 0.14.2
    cpu: [mips64el]
    os: [linux]
    requiresBuild: true
    dev: false
    optional: true

  registry.npmmirror.com/esbuild-linux-ppc64le/0.14.2:
    resolution: {integrity: sha512-vxptskw8JfCDD9QqpRO0XnsM1osuWeRjPaXX1TwdveLogYsbdFtcuiuK/4FxGiNMUr1ojtnCS2rMPbY8puc5NA==, registry: https://registry.npm.taobao.org/, tarball: https://registry.npmmirror.com/esbuild-linux-ppc64le/download/esbuild-linux-ppc64le-0.14.2.tgz}
    name: esbuild-linux-ppc64le
    version: 0.14.2
    cpu: [ppc64]
    os: [linux]
    requiresBuild: true
    dev: false
    optional: true

  registry.npmmirror.com/esbuild-netbsd-64/0.14.2:
    resolution: {integrity: sha512-I8+LzYK5iSNpspS9eCV9sW67Rj8FgMHimGri4mKiGAmN0pNfx+hFX146rYtzGtewuxKtTsPywWteHx+hPRLDsw==, registry: https://registry.npm.taobao.org/, tarball: https://registry.npmmirror.com/esbuild-netbsd-64/download/esbuild-netbsd-64-0.14.2.tgz}
    name: esbuild-netbsd-64
    version: 0.14.2
    cpu: [x64]
    os: [netbsd]
    requiresBuild: true
    dev: false
    optional: true

  registry.npmmirror.com/esbuild-openbsd-64/0.14.2:
    resolution: {integrity: sha512-120HgMe9elidWUvM2E6mMf0csrGwx8sYDqUIJugyMy1oHm+/nT08bTAVXuwYG/rkMIqsEO9AlMxuYnwR6En/3Q==, registry: https://registry.npm.taobao.org/, tarball: https://registry.npmmirror.com/esbuild-openbsd-64/download/esbuild-openbsd-64-0.14.2.tgz}
    name: esbuild-openbsd-64
    version: 0.14.2
    cpu: [x64]
    os: [openbsd]
    requiresBuild: true
    dev: false
    optional: true

  registry.npmmirror.com/esbuild-runner/2.2.1_esbuild@0.14.2:
    resolution: {integrity: sha1-OGb8piy/lkXpObQ6DGVEb5pTBk8=, registry: https://registry.npm.taobao.org/, tarball: https://registry.npmmirror.com/esbuild-runner/download/esbuild-runner-2.2.1.tgz}
    id: registry.npmmirror.com/esbuild-runner/2.2.1
    name: esbuild-runner
    version: 2.2.1
    hasBin: true
    peerDependencies:
      esbuild: '*'
    dependencies:
      esbuild: registry.npmmirror.com/esbuild/0.14.2
      source-map-support: registry.npmmirror.com/source-map-support/0.5.19
      tslib: registry.nlark.com/tslib/2.3.1
    dev: false

  registry.npmmirror.com/esbuild-sunos-64/0.14.2:
    resolution: {integrity: sha512-Q3xcf9Uyfra9UuCFxoLixVvdigo0daZaKJ97TL2KNA4bxRUPK18wwGUk3AxvgDQZpRmg82w9PnkaNYo7a+24ow==, registry: https://registry.npm.taobao.org/, tarball: https://registry.npmmirror.com/esbuild-sunos-64/download/esbuild-sunos-64-0.14.2.tgz}
    name: esbuild-sunos-64
    version: 0.14.2
    cpu: [x64]
    os: [sunos]
    requiresBuild: true
    dev: false
    optional: true

  registry.npmmirror.com/esbuild-windows-32/0.14.2:
    resolution: {integrity: sha512-TW7O49tPsrq+N1sW8mb3m24j/iDGa4xzAZH4wHWwoIzgtZAYPKC0hpIhufRRG/LA30bdMChO9pjJZ5mtcybtBQ==, registry: https://registry.npm.taobao.org/, tarball: https://registry.npmmirror.com/esbuild-windows-32/download/esbuild-windows-32-0.14.2.tgz}
    name: esbuild-windows-32
    version: 0.14.2
    cpu: [ia32]
    os: [win32]
    requiresBuild: true
    dev: false
    optional: true

  registry.npmmirror.com/esbuild-windows-64/0.14.2:
    resolution: {integrity: sha512-Rym6ViMNmi1E2QuQMWy0AFAfdY0wGwZD73BnzlsQBX5hZBuy/L+Speh7ucUZ16gwsrMM9v86icZUDrSN/lNBKg==, registry: https://registry.npm.taobao.org/, tarball: https://registry.npmmirror.com/esbuild-windows-64/download/esbuild-windows-64-0.14.2.tgz}
    name: esbuild-windows-64
    version: 0.14.2
    cpu: [x64]
    os: [win32]
    requiresBuild: true
    dev: false
    optional: true

  registry.npmmirror.com/esbuild-windows-arm64/0.14.2:
    resolution: {integrity: sha512-ZrLbhr0vX5Em/P1faMnHucjVVWPS+m3tktAtz93WkMZLmbRJevhiW1y4CbulBd2z0MEdXZ6emDa1zFHq5O5bSA==, registry: https://registry.npm.taobao.org/, tarball: https://registry.npmmirror.com/esbuild-windows-arm64/download/esbuild-windows-arm64-0.14.2.tgz}
    name: esbuild-windows-arm64
    version: 0.14.2
    cpu: [arm64]
    os: [win32]
    requiresBuild: true
    dev: false
    optional: true

  registry.npmmirror.com/esbuild/0.14.2:
    resolution: {integrity: sha512-l076A6o/PIgcyM24s0dWmDI/b8RQf41uWoJu9I0M71CtW/YSw5T5NUeXxs5lo2tFQD+O4CW4nBHJXx3OY5NpXg==, registry: https://registry.npm.taobao.org/, tarball: https://registry.npmmirror.com/esbuild/download/esbuild-0.14.2.tgz}
    name: esbuild
    version: 0.14.2
    hasBin: true
    requiresBuild: true
    optionalDependencies:
      esbuild-android-arm64: registry.npmmirror.com/esbuild-android-arm64/0.14.2
      esbuild-darwin-64: registry.npmmirror.com/esbuild-darwin-64/0.14.2
      esbuild-darwin-arm64: registry.npmmirror.com/esbuild-darwin-arm64/0.14.2
      esbuild-freebsd-64: registry.npmmirror.com/esbuild-freebsd-64/0.14.2
      esbuild-freebsd-arm64: registry.npmmirror.com/esbuild-freebsd-arm64/0.14.2
      esbuild-linux-32: registry.npmmirror.com/esbuild-linux-32/0.14.2
      esbuild-linux-64: registry.npmmirror.com/esbuild-linux-64/0.14.2
      esbuild-linux-arm: registry.npmmirror.com/esbuild-linux-arm/0.14.2
      esbuild-linux-arm64: registry.npmmirror.com/esbuild-linux-arm64/0.14.2
      esbuild-linux-mips64le: registry.npmmirror.com/esbuild-linux-mips64le/0.14.2
      esbuild-linux-ppc64le: registry.npmmirror.com/esbuild-linux-ppc64le/0.14.2
      esbuild-netbsd-64: registry.npmmirror.com/esbuild-netbsd-64/0.14.2
      esbuild-openbsd-64: registry.npmmirror.com/esbuild-openbsd-64/0.14.2
      esbuild-sunos-64: registry.npmmirror.com/esbuild-sunos-64/0.14.2
      esbuild-windows-32: registry.npmmirror.com/esbuild-windows-32/0.14.2
      esbuild-windows-64: registry.npmmirror.com/esbuild-windows-64/0.14.2
      esbuild-windows-arm64: registry.npmmirror.com/esbuild-windows-arm64/0.14.2
    dev: false

  registry.npmmirror.com/follow-redirects/1.14.5:
    resolution: {integrity: sha1-8JpYSJgdPHcrU5Iwl3hSP42Fw4E=, registry: https://registry.npm.taobao.org/, tarball: https://registry.npmmirror.com/follow-redirects/download/follow-redirects-1.14.5.tgz}
    name: follow-redirects
    version: 1.14.5
    engines: {node: '>=4.0'}
    peerDependencies:
      debug: '*'
    peerDependenciesMeta:
      debug:
        optional: true
    dev: false

  registry.npmmirror.com/gauge/3.0.2:
    resolution: {integrity: sha512-+5J6MS/5XksCuXq++uFRsnUd7Ovu1XenbeuIuNRJxYWjgQbPuFhT14lAvsWfqfAmnwluf1OwMjz39HjfLPci0Q==, registry: https://registry.npm.taobao.org/, tarball: https://registry.npmmirror.com/gauge/download/gauge-3.0.2.tgz}
    name: gauge
    version: 3.0.2
    engines: {node: '>=10'}
    dependencies:
      aproba: registry.nlark.com/aproba/2.0.0
      color-support: registry.npmmirror.com/color-support/1.1.3
      console-control-strings: registry.nlark.com/console-control-strings/1.1.0
      has-unicode: registry.nlark.com/has-unicode/2.0.1
      object-assign: registry.nlark.com/object-assign/4.1.1
      signal-exit: registry.npmmirror.com/signal-exit/3.0.6
      string-width: registry.npmmirror.com/string-width/4.2.3
      strip-ansi: registry.npmmirror.com/strip-ansi/6.0.1
      wide-align: registry.npmmirror.com/wide-align/1.1.5
    dev: false

  registry.npmmirror.com/glob/7.2.0:
    resolution: {integrity: sha1-0VU1r3cy4C6Uj0xBYovZECk/YCM=, registry: https://registry.npm.taobao.org/, tarball: https://registry.npmmirror.com/glob/download/glob-7.2.0.tgz}
    name: glob
    version: 7.2.0
    dependencies:
      fs.realpath: registry.nlark.com/fs.realpath/1.0.0
      inflight: registry.nlark.com/inflight/1.0.6
      inherits: registry.nlark.com/inherits/2.0.4
      minimatch: registry.nlark.com/minimatch/3.0.4
      once: registry.nlark.com/once/1.4.0
      path-is-absolute: registry.nlark.com/path-is-absolute/1.0.1
    dev: false

  registry.npmmirror.com/htmlparser2/6.1.0:
    resolution: {integrity: sha1-xNditsM3GgXb5l6UrkOp+EX7j7c=, registry: https://registry.npm.taobao.org/, tarball: https://registry.npmmirror.com/htmlparser2/download/htmlparser2-6.1.0.tgz}
    name: htmlparser2
    version: 6.1.0
    dependencies:
      domelementtype: registry.nlark.com/domelementtype/2.2.0
      domhandler: registry.nlark.com/domhandler/4.2.2
      domutils: registry.nlark.com/domutils/2.8.0
      entities: registry.nlark.com/entities/2.2.0
    dev: false

  registry.npmmirror.com/minipass/3.1.6:
    resolution: {integrity: sha512-rty5kpw9/z8SX9dmxblFA6edItUmwJgMeYDZRrwlIVN27i8gysGbznJwUggw2V/FVqFSDdWy040ZPS811DYAqQ==, registry: https://registry.npm.taobao.org/, tarball: https://registry.npmmirror.com/minipass/download/minipass-3.1.6.tgz}
    name: minipass
    version: 3.1.6
    engines: {node: '>=8'}
    dependencies:
      yallist: registry.nlark.com/yallist/4.0.0
    dev: false

  registry.npmmirror.com/minizlib/2.1.2:
    resolution: {integrity: sha1-6Q00Zrogm5MkUVCKEc49NjIUWTE=, registry: https://registry.npm.taobao.org/, tarball: https://registry.npmmirror.com/minizlib/download/minizlib-2.1.2.tgz}
    name: minizlib
    version: 2.1.2
    engines: {node: '>= 8'}
    dependencies:
      minipass: registry.npmmirror.com/minipass/3.1.6
      yallist: registry.nlark.com/yallist/4.0.0
    dev: false

  registry.npmmirror.com/mkdirp/1.0.4:
    resolution: {integrity: sha1-PrXtYmInVteaXw4qIh3+utdcL34=, registry: https://registry.npm.taobao.org/, tarball: https://registry.npmmirror.com/mkdirp/download/mkdirp-1.0.4.tgz}
    name: mkdirp
    version: 1.0.4
    engines: {node: '>=10'}
    hasBin: true
    dev: false

  registry.npmmirror.com/ms/2.1.2:
    resolution: {integrity: sha1-0J0fNXtEP0kzgqjrPM0YOHKuYAk=, registry: https://registry.npm.taobao.org/, tarball: https://registry.npmmirror.com/ms/download/ms-2.1.2.tgz?cache=0&sync_timestamp=1632788710719&other_urls=https%3A%2F%2Fregistry.npmmirror.com%2Fms%2Fdownload%2Fms-2.1.2.tgz}
    name: ms
    version: 2.1.2
    dev: false

  registry.npmmirror.com/node-canvas/2.7.0:
    resolution: {integrity: sha1-dx871Qj4dcnmMXGFbZXivhn/hv0=, registry: https://registry.npm.taobao.org/, tarball: https://registry.npmmirror.com/node-canvas/download/node-canvas-2.7.0.tgz}
    name: node-canvas
    version: 2.7.0
    engines: {node: '>=6'}
    requiresBuild: true
    dependencies:
      '@mapbox/node-pre-gyp': registry.npmmirror.com/@mapbox/node-pre-gyp/1.0.8
      nan: registry.nlark.com/nan/2.15.0
      simple-get: registry.npmmirror.com/simple-get/3.1.0
    transitivePeerDependencies:
      - supports-color
    dev: false

  registry.npmmirror.com/node-fetch/2.6.6:
    resolution: {integrity: sha1-F1GnwBg06OFpd1hzLp77burfr4k=, registry: https://registry.npm.taobao.org/, tarball: https://registry.npmmirror.com/node-fetch/download/node-fetch-2.6.6.tgz}
    name: node-fetch
    version: 2.6.6
    engines: {node: 4.x || >=6.0.0}
    dependencies:
      whatwg-url: registry.npmmirror.com/whatwg-url/5.0.0
    dev: false

  registry.npmmirror.com/npmlog/5.0.1:
    resolution: {integrity: sha1-8GZ46A4pQZrWerlk4PpplZweuLA=, registry: https://registry.npm.taobao.org/, tarball: https://registry.npmmirror.com/npmlog/download/npmlog-5.0.1.tgz}
    name: npmlog
    version: 5.0.1
    dependencies:
      are-we-there-yet: registry.nlark.com/are-we-there-yet/2.0.0
      console-control-strings: registry.nlark.com/console-control-strings/1.1.0
      gauge: registry.npmmirror.com/gauge/3.0.2
      set-blocking: registry.nlark.com/set-blocking/2.0.0
    dev: false

  registry.npmmirror.com/rimraf/3.0.2:
    resolution: {integrity: sha1-8aVAK6YiCtUswSgrrBrjqkn9Bho=, registry: https://registry.npm.taobao.org/, tarball: https://registry.npmmirror.com/rimraf/download/rimraf-3.0.2.tgz}
    name: rimraf
    version: 3.0.2
    hasBin: true
    dependencies:
      glob: registry.npmmirror.com/glob/7.2.0
    dev: false

  registry.npmmirror.com/signal-exit/3.0.6:
    resolution: {integrity: sha512-sDl4qMFpijcGw22U5w63KmD3cZJfBuFlVNbVMKje2keoKML7X2UzWbc4XrmEbDwg0NXJc3yv4/ox7b+JWb57kQ==, registry: https://registry.npm.taobao.org/, tarball: https://registry.npmmirror.com/signal-exit/download/signal-exit-3.0.6.tgz}
    name: signal-exit
    version: 3.0.6
    dev: false

  registry.npmmirror.com/simple-concat/1.0.1:
    resolution: {integrity: sha1-9Gl2CCujXCJj8cirXt/ibEHJVS8=, registry: https://registry.npm.taobao.org/, tarball: https://registry.npmmirror.com/simple-concat/download/simple-concat-1.0.1.tgz}
    name: simple-concat
    version: 1.0.1
    dev: false

  registry.npmmirror.com/simple-get/3.1.0:
    resolution: {integrity: sha1-tFvgYkNeUNFZVAtXYgLO7EC5xrM=, registry: https://registry.npm.taobao.org/, tarball: https://registry.npmmirror.com/simple-get/download/simple-get-3.1.0.tgz}
    name: simple-get
    version: 3.1.0
    dependencies:
      decompress-response: registry.npmmirror.com/decompress-response/4.2.1
      once: registry.nlark.com/once/1.4.0
      simple-concat: registry.npmmirror.com/simple-concat/1.0.1
    dev: false

  registry.npmmirror.com/source-map-support/0.5.19:
    resolution: {integrity: sha1-qYti+G3K9PZzmWSMCFKRq56P7WE=, registry: https://registry.npm.taobao.org/, tarball: https://registry.npmmirror.com/source-map-support/download/source-map-support-0.5.19.tgz?cache=0&sync_timestamp=1637320591936&other_urls=https%3A%2F%2Fregistry.npmmirror.com%2Fsource-map-support%2Fdownload%2Fsource-map-support-0.5.19.tgz}
    name: source-map-support
    version: 0.5.19
    dependencies:
      buffer-from: registry.nlark.com/buffer-from/1.1.2
      source-map: registry.nlark.com/source-map/0.6.1
    dev: false

  registry.npmmirror.com/string-width/4.2.3:
    resolution: {integrity: sha1-JpxxF9J7Ba0uU2gwqOyJXvnG0BA=, registry: https://registry.npm.taobao.org/, tarball: https://registry.npmmirror.com/string-width/download/string-width-4.2.3.tgz}
    name: string-width
    version: 4.2.3
    engines: {node: '>=8'}
    dependencies:
      emoji-regex: registry.npmmirror.com/emoji-regex/8.0.0
      is-fullwidth-code-point: registry.nlark.com/is-fullwidth-code-point/3.0.0
      strip-ansi: registry.npmmirror.com/strip-ansi/6.0.1
    dev: false

  registry.npmmirror.com/strip-ansi/6.0.1:
    resolution: {integrity: sha1-nibGPTD1NEPpSJSVshBdN7Z6hdk=, registry: https://registry.npm.taobao.org/, tarball: https://registry.npmmirror.com/strip-ansi/download/strip-ansi-6.0.1.tgz}
    name: strip-ansi
    version: 6.0.1
    engines: {node: '>=8'}
    dependencies:
      ansi-regex: registry.nlark.com/ansi-regex/5.0.1
    dev: false

  registry.npmmirror.com/tr46/0.0.3:
    resolution: {integrity: sha1-gYT9NH2snNwYWZLzpmIuFLnZq2o=, registry: https://registry.npm.taobao.org/, tarball: https://registry.npmmirror.com/tr46/download/tr46-0.0.3.tgz}
    name: tr46
    version: 0.0.3
    dev: false

  registry.npmmirror.com/whatwg-url/5.0.0:
    resolution: {integrity: sha1-lmRU6HZUYuN2RNNib2dCzotwll0=, registry: https://registry.npm.taobao.org/, tarball: https://registry.npmmirror.com/whatwg-url/download/whatwg-url-5.0.0.tgz}
    name: whatwg-url
    version: 5.0.0
    dependencies:
      tr46: registry.npmmirror.com/tr46/0.0.3
      webidl-conversions: registry.nlark.com/webidl-conversions/3.0.1
    dev: false

  registry.npmmirror.com/wide-align/1.1.5:
    resolution: {integrity: sha1-3x1MIGhUNp7PPJpImPGyP72dFdM=, registry: https://registry.npm.taobao.org/, tarball: https://registry.npmmirror.com/wide-align/download/wide-align-1.1.5.tgz}
    name: wide-align
    version: 1.1.5
    dependencies:
      string-width: registry.npmmirror.com/string-width/4.2.3
    dev: false

  registry.npmmirror.com/ws/7.5.6:
    resolution: {integrity: sha512-6GLgCqo2cy2A2rjCNFlxQS6ZljG/coZfZXclldI8FB/1G3CCI36Zd8xy2HrFVACi8tfk5XrgLQEk+P0Tnz9UcA==, registry: https://registry.npm.taobao.org/, tarball: https://registry.npmmirror.com/ws/download/ws-7.5.6.tgz}
    name: ws
    version: 7.5.6
    engines: {node: '>=8.3.0'}
    peerDependencies:
      bufferutil: ^4.0.1
      utf-8-validate: ^5.0.2
    peerDependenciesMeta:
      bufferutil:
        optional: true
      utf-8-validate:
        optional: true
    dev: false

  registry.npmmirror.com/zlib/1.0.5:
    resolution: {integrity: sha1-bnyXL8NxxkWmr7A6sUdp3vEU/MA=, registry: https://registry.npm.taobao.org/, tarball: https://registry.npmmirror.com/zlib/download/zlib-1.0.5.tgz}
    name: zlib
    version: 1.0.5
    engines: {node: '>=0.2.0'}
    dev: false
