lockfileVersion: 5.3

specifiers:
  '@types/ws': ^8.2.2
  axios: ^0.21.1
  cheerio: ^1.0.0-rc.3
  dayjs: ^1.10.4
  esbuild: ^0.14.2
  esbuild-runner: ^2.2.1
  ws: ^7.4.6
  zlib: ^1.0.5

dependencies:
  axios: registry.npmmirror.com/axios/0.21.4
  cheerio: registry.nlark.com/cheerio/1.0.0-rc.10
  dayjs: registry.nlark.com/dayjs/1.10.7
  esbuild: registry.npmmirror.com/esbuild/0.14.2
  esbuild-runner: registry.npmmirror.com/esbuild-runner/2.2.1_esbuild@0.14.2
  ws: registry.npmmirror.com/ws/7.5.6
  zlib: registry.npmmirror.com/zlib/1.0.5

devDependencies:
  '@types/ws': registry.npmmirror.com/@types/ws/8.2.2

packages:

  registry.nlark.com/boolbase/1.0.0:
    resolution: {integrity: sha1-aN/1++YMUes3cl6p4+0xDcwed24=, registry: https://registry.npm.taobao.org/, tarball: https://registry.nlark.com/boolbase/download/boolbase-1.0.0.tgz}
    name: boolbase
    version: 1.0.0
    dev: false

  registry.nlark.com/buffer-from/1.1.2:
    resolution: {integrity: sha1-KxRqb9cugLT1XSVfNe1Zo6mkG9U=, registry: https://registry.npm.taobao.org/, tarball: https://registry.nlark.com/buffer-from/download/buffer-from-1.1.2.tgz}
    name: buffer-from
    version: 1.1.2
    dev: false

  registry.nlark.com/cheerio-select/1.5.0:
    resolution: {integrity: sha1-+vPa6zGxfF4anavO4oiq+Kr6WCM=, registry: https://registry.npm.taobao.org/, tarball: https://registry.nlark.com/cheerio-select/download/cheerio-select-1.5.0.tgz}
    name: cheerio-select
    version: 1.5.0
    dependencies:
      css-select: registry.nlark.com/css-select/4.1.3
      css-what: registry.npmmirror.com/css-what/5.1.0
      domelementtype: registry.nlark.com/domelementtype/2.2.0
      domhandler: registry.nlark.com/domhandler/4.2.2
      domutils: registry.nlark.com/domutils/2.8.0
    dev: false

  registry.nlark.com/cheerio/1.0.0-rc.10:
    resolution: {integrity: sha1-K6Pc38wm55VvwfRA5h1RxkM3nz4=, registry: https://registry.npm.taobao.org/, tarball: https://registry.nlark.com/cheerio/download/cheerio-1.0.0-rc.10.tgz}
    name: cheerio
    version: 1.0.0-rc.10
    engines: {node: '>= 6'}
    dependencies:
      cheerio-select: registry.nlark.com/cheerio-select/1.5.0
      dom-serializer: registry.nlark.com/dom-serializer/1.3.2
      domhandler: registry.nlark.com/domhandler/4.2.2
      htmlparser2: registry.npmmirror.com/htmlparser2/6.1.0
      parse5: registry.nlark.com/parse5/6.0.1
      parse5-htmlparser2-tree-adapter: registry.nlark.com/parse5-htmlparser2-tree-adapter/6.0.1
      tslib: registry.nlark.com/tslib/2.3.1
    dev: false

  registry.nlark.com/css-select/4.1.3:
    resolution: {integrity: sha1-pwRA9wMX8maRGK10/xBeZYSccGc=, registry: https://registry.npm.taobao.org/, tarball: https://registry.nlark.com/css-select/download/css-select-4.1.3.tgz}
    name: css-select
    version: 4.1.3
    dependencies:
      boolbase: registry.nlark.com/boolbase/1.0.0
      css-what: registry.npmmirror.com/css-what/5.1.0
      domhandler: registry.nlark.com/domhandler/4.2.2
      domutils: registry.nlark.com/domutils/2.8.0
      nth-check: registry.nlark.com/nth-check/2.0.1
    dev: false

  registry.nlark.com/dayjs/1.10.7:
    resolution: {integrity: sha1-LPX5Gt0oEWdIRAhmoKHSbzps5Gg=, registry: https://registry.npm.taobao.org/, tarball: https://registry.nlark.com/dayjs/download/dayjs-1.10.7.tgz}
    name: dayjs
    version: 1.10.7
    dev: false

  registry.nlark.com/dom-serializer/1.3.2:
    resolution: {integrity: sha1-YgZDfTLO767HFhgDIwx6ILwbTZE=, registry: https://registry.npm.taobao.org/, tarball: https://registry.nlark.com/dom-serializer/download/dom-serializer-1.3.2.tgz}
    name: dom-serializer
    version: 1.3.2
    dependencies:
      domelementtype: registry.nlark.com/domelementtype/2.2.0
      domhandler: registry.nlark.com/domhandler/4.2.2
      entities: registry.nlark.com/entities/2.2.0
    dev: false

  registry.nlark.com/domelementtype/2.2.0:
    resolution: {integrity: sha1-mgtsJ4LtahxzI9QiZxg9+b2LHVc=, registry: https://registry.npm.taobao.org/, tarball: https://registry.nlark.com/domelementtype/download/domelementtype-2.2.0.tgz}
    name: domelementtype
    version: 2.2.0
    dev: false

  registry.nlark.com/domhandler/4.2.2:
    resolution: {integrity: sha1-6CXXIdGahrjCAaNSZOImxnjudV8=, registry: https://registry.npm.taobao.org/, tarball: https://registry.nlark.com/domhandler/download/domhandler-4.2.2.tgz}
    name: domhandler
    version: 4.2.2
    engines: {node: '>= 4'}
    dependencies:
      domelementtype: registry.nlark.com/domelementtype/2.2.0
    dev: false

  registry.nlark.com/domutils/2.8.0:
    resolution: {integrity: sha1-RDfe9dtuLR9dbuhZvZXKfQIEgTU=, registry: https://registry.npm.taobao.org/, tarball: https://registry.nlark.com/domutils/download/domutils-2.8.0.tgz}
    name: domutils
    version: 2.8.0
    dependencies:
      dom-serializer: registry.nlark.com/dom-serializer/1.3.2
      domelementtype: registry.nlark.com/domelementtype/2.2.0
      domhandler: registry.nlark.com/domhandler/4.2.2
    dev: false

  registry.nlark.com/entities/2.2.0:
    resolution: {integrity: sha1-CY3JDruD2N/6CJ1VJWs1HTTE2lU=, registry: https://registry.npm.taobao.org/, tarball: https://registry.nlark.com/entities/download/entities-2.2.0.tgz}
    name: entities
    version: 2.2.0
    dev: false

  registry.nlark.com/nth-check/2.0.1:
    resolution: {integrity: sha1-Lv4WL1w9oGoolZ+9PbddvuqfD8I=, registry: https://registry.npm.taobao.org/, tarball: https://registry.nlark.com/nth-check/download/nth-check-2.0.1.tgz}
    name: nth-check
    version: 2.0.1
    dependencies:
      boolbase: registry.nlark.com/boolbase/1.0.0
    dev: false

  registry.nlark.com/parse5-htmlparser2-tree-adapter/6.0.1:
    resolution: {integrity: sha1-LN+a2CMyEUA3DU2/XT6Sx8jdxuY=, registry: https://registry.npm.taobao.org/, tarball: https://registry.nlark.com/parse5-htmlparser2-tree-adapter/download/parse5-htmlparser2-tree-adapter-6.0.1.tgz}
    name: parse5-htmlparser2-tree-adapter
    version: 6.0.1
    dependencies:
      parse5: registry.nlark.com/parse5/6.0.1
    dev: false

  registry.nlark.com/parse5/6.0.1:
    resolution: {integrity: sha1-4aHAhcVps9wIMhGE8Zo5zCf3wws=, registry: https://registry.npm.taobao.org/, tarball: https://registry.nlark.com/parse5/download/parse5-6.0.1.tgz}
    name: parse5
    version: 6.0.1
    dev: false

  registry.nlark.com/source-map/0.6.1:
    resolution: {integrity: sha1-dHIq8y6WFOnCh6jQu95IteLxomM=, registry: https://registry.npm.taobao.org/, tarball: https://registry.nlark.com/source-map/download/source-map-0.6.1.tgz}
    name: source-map
    version: 0.6.1
    engines: {node: '>=0.10.0'}
    dev: false

  registry.nlark.com/tslib/2.3.1:
    resolution: {integrity: sha1-6KM1rdXOrlGqJh0ypJAVjvBC7wE=, registry: https://registry.npm.taobao.org/, tarball: https://registry.nlark.com/tslib/download/tslib-2.3.1.tgz}
    name: tslib
    version: 2.3.1
    dev: false

  registry.npmmirror.com/@types/node/16.11.12:
    resolution: {integrity: sha512-+2Iggwg7PxoO5Kyhvsq9VarmPbIelXP070HMImEpbtGCoyWNINQj4wzjbQCXzdHTRXnqufutJb5KAURZANNBAw==, registry: https://registry.npm.taobao.org/, tarball: https://registry.npmmirror.com/@types/node/download/@types/node-16.11.12.tgz}
    name: '@types/node'
    version: 16.11.12
    dev: true

  registry.npmmirror.com/@types/ws/8.2.2:
    resolution: {integrity: sha512-NOn5eIcgWLOo6qW8AcuLZ7G8PycXu0xTxxkS6Q18VWFxgPUSOwV0pBj2a/4viNZVu25i7RIB7GttdkAIUUXOOg==, registry: https://registry.npm.taobao.org/, tarball: https://registry.npmmirror.com/@types/ws/download/@types/ws-8.2.2.tgz}
    name: '@types/ws'
    version: 8.2.2
    dependencies:
      '@types/node': registry.npmmirror.com/@types/node/16.11.12
    dev: true

  registry.npmmirror.com/axios/0.21.4:
    resolution: {integrity: sha1-xnuQ3AVo5cHPKwuFjEO6KOLtpXU=, registry: https://registry.npm.taobao.org/, tarball: https://registry.npmmirror.com/axios/download/axios-0.21.4.tgz}
    name: axios
    version: 0.21.4
    dependencies:
      follow-redirects: registry.npmmirror.com/follow-redirects/1.14.5
    transitivePeerDependencies:
      - debug
    dev: false

  registry.npmmirror.com/css-what/5.1.0:
    resolution: {integrity: sha1-P3tweq32M7r2LCzrhXm1RbtA9/4=, registry: https://registry.npm.taobao.org/, tarball: https://registry.npmmirror.com/css-what/download/css-what-5.1.0.tgz}
    name: css-what
    version: 5.1.0
    engines: {node: '>= 6'}
    dev: false

  registry.npmmirror.com/esbuild-android-arm64/0.14.2:
    resolution: {integrity: sha512-hEixaKMN3XXCkoe+0WcexO4CcBVU5DCSUT+7P8JZiWZCbAjSkc9b6Yz2X5DSfQmRCtI/cQRU6TfMYrMQ5NBfdw==, registry: https://registry.npm.taobao.org/, tarball: https://registry.npmmirror.com/esbuild-android-arm64/download/esbuild-android-arm64-0.14.2.tgz}
    name: esbuild-android-arm64
    version: 0.14.2
    cpu: [arm64]
    os: [android]
    requiresBuild: true
    dev: false
    optional: true

  registry.npmmirror.com/esbuild-darwin-64/0.14.2:
    resolution: {integrity: sha512-Uq8t0cbJQkxkQdbUfOl2wZqZ/AtLZjvJulR1HHnc96UgyzG9YlCLSDMiqjM+NANEy7/zzvwKJsy3iNC9wwqLJA==, registry: https://registry.npm.taobao.org/, tarball: https://registry.npmmirror.com/esbuild-darwin-64/download/esbuild-darwin-64-0.14.2.tgz}
    name: esbuild-darwin-64
    version: 0.14.2
    cpu: [x64]
    os: [darwin]
    requiresBuild: true
    dev: false
    optional: true

  registry.npmmirror.com/esbuild-darwin-arm64/0.14.2:
    resolution: {integrity: sha512-619MSa17sr7YCIrUj88KzQu2ESA4jKYtIYfLU/smX6qNgxQt3Y/gzM4s6sgJ4fPQzirvmXgcHv1ZNQAs/Xh48A==, registry: https://registry.npm.taobao.org/, tarball: https://registry.npmmirror.com/esbuild-darwin-arm64/download/esbuild-darwin-arm64-0.14.2.tgz}
    name: esbuild-darwin-arm64
    version: 0.14.2
    cpu: [arm64]
    os: [darwin]
    requiresBuild: true
    dev: false
    optional: true

  registry.npmmirror.com/esbuild-freebsd-64/0.14.2:
    resolution: {integrity: sha512-aP6FE/ZsChZpUV6F3HE3x1Pz0paoYXycJ7oLt06g0G9dhJKknPawXCqQg/WMyD+ldCEZfo7F1kavenPdIT/SGQ==, registry: https://registry.npm.taobao.org/, tarball: https://registry.npmmirror.com/esbuild-freebsd-64/download/esbuild-freebsd-64-0.14.2.tgz}
    name: esbuild-freebsd-64
    version: 0.14.2
    cpu: [x64]
    os: [freebsd]
    requiresBuild: true
    dev: false
    optional: true

  registry.npmmirror.com/esbuild-freebsd-arm64/0.14.2:
    resolution: {integrity: sha512-LSm98WTb1QIhyS83+Po0KTpZNdd2XpVpI9ua5rLWqKWbKeNRFwOsjeiuwBaRNc+O32s9oC2ZMefETxHBV6VNkQ==, registry: https://registry.npm.taobao.org/, tarball: https://registry.npmmirror.com/esbuild-freebsd-arm64/download/esbuild-freebsd-arm64-0.14.2.tgz}
    name: esbuild-freebsd-arm64
    version: 0.14.2
    cpu: [arm64]
    os: [freebsd]
    requiresBuild: true
    dev: false
    optional: true

  registry.npmmirror.com/esbuild-linux-32/0.14.2:
    resolution: {integrity: sha512-8VxnNEyeUbiGflTKcuVc5JEPTqXfsx2O6ABwUbfS1Hp26lYPRPC7pKQK5Dxa0MBejGc50jy7YZae3EGQUQ8EkQ==, registry: https://registry.npm.taobao.org/, tarball: https://registry.npmmirror.com/esbuild-linux-32/download/esbuild-linux-32-0.14.2.tgz}
    name: esbuild-linux-32
    version: 0.14.2
    cpu: [ia32]
    os: [linux]
    requiresBuild: true
    dev: false
    optional: true

  registry.npmmirror.com/esbuild-linux-64/0.14.2:
    resolution: {integrity: sha512-4bzMS2dNxOJoFIiHId4w+tqQzdnsch71JJV1qZnbnErSFWcR9lRgpSqWnTTFtv6XM+MvltRzSXC5wQ7AEBY6Hg==, registry: https://registry.npm.taobao.org/, tarball: https://registry.npmmirror.com/esbuild-linux-64/download/esbuild-linux-64-0.14.2.tgz}
    name: esbuild-linux-64
    version: 0.14.2
    cpu: [x64]
    os: [linux]
    requiresBuild: true
    dev: false
    optional: true

  registry.npmmirror.com/esbuild-linux-arm/0.14.2:
    resolution: {integrity: sha512-PaylahvMHhH8YMfJPMKEqi64qA0Su+d4FNfHKvlKes/2dUe4QxgbwXT9oLVgy8iJdcFMrO7By4R8fS8S0p8aVQ==, registry: https://registry.npm.taobao.org/, tarball: https://registry.npmmirror.com/esbuild-linux-arm/download/esbuild-linux-arm-0.14.2.tgz}
    name: esbuild-linux-arm
    version: 0.14.2
    cpu: [arm]
    os: [linux]
    requiresBuild: true
    dev: false
    optional: true

  registry.npmmirror.com/esbuild-linux-arm64/0.14.2:
    resolution: {integrity: sha512-RlIVp0RwJrdtasDF1vTFueLYZ8WuFzxoQ1OoRFZOTyJHCGCNgh7xJIC34gd7B7+RT0CzLBB4LcM5n0LS+hIoww==, registry: https://registry.npm.taobao.org/, tarball: https://registry.npmmirror.com/esbuild-linux-arm64/download/esbuild-linux-arm64-0.14.2.tgz}
    name: esbuild-linux-arm64
    version: 0.14.2
    cpu: [arm64]
    os: [linux]
    requiresBuild: true
    dev: false
    optional: true

  registry.npmmirror.com/esbuild-linux-mips64le/0.14.2:
    resolution: {integrity: sha512-Fdwrq2roFnO5oetIiUQQueZ3+5soCxBSJswg3MvYaXDomj47BN6oAWMZgLrFh1oVrtWrxSDLCJBenYdbm2s+qQ==, registry: https://registry.npm.taobao.org/, tarball: https://registry.npmmirror.com/esbuild-linux-mips64le/download/esbuild-linux-mips64le-0.14.2.tgz}
    name: esbuild-linux-mips64le
    version: 0.14.2
    cpu: [mips64el]
    os: [linux]
    requiresBuild: true
    dev: false
    optional: true

  registry.npmmirror.com/esbuild-linux-ppc64le/0.14.2:
    resolution: {integrity: sha512-vxptskw8JfCDD9QqpRO0XnsM1osuWeRjPaXX1TwdveLogYsbdFtcuiuK/4FxGiNMUr1ojtnCS2rMPbY8puc5NA==, registry: https://registry.npm.taobao.org/, tarball: https://registry.npmmirror.com/esbuild-linux-ppc64le/download/esbuild-linux-ppc64le-0.14.2.tgz}
    name: esbuild-linux-ppc64le
    version: 0.14.2
    cpu: [ppc64]
    os: [linux]
    requiresBuild: true
    dev: false
    optional: true

  registry.npmmirror.com/esbuild-netbsd-64/0.14.2:
    resolution: {integrity: sha512-I8+LzYK5iSNpspS9eCV9sW67Rj8FgMHimGri4mKiGAmN0pNfx+hFX146rYtzGtewuxKtTsPywWteHx+hPRLDsw==, registry: https://registry.npm.taobao.org/, tarball: https://registry.npmmirror.com/esbuild-netbsd-64/download/esbuild-netbsd-64-0.14.2.tgz}
    name: esbuild-netbsd-64
    version: 0.14.2
    cpu: [x64]
    os: [netbsd]
    requiresBuild: true
    dev: false
    optional: true

  registry.npmmirror.com/esbuild-openbsd-64/0.14.2:
    resolution: {integrity: sha512-120HgMe9elidWUvM2E6mMf0csrGwx8sYDqUIJugyMy1oHm+/nT08bTAVXuwYG/rkMIqsEO9AlMxuYnwR6En/3Q==, registry: https://registry.npm.taobao.org/, tarball: https://registry.npmmirror.com/esbuild-openbsd-64/download/esbuild-openbsd-64-0.14.2.tgz}
    name: esbuild-openbsd-64
    version: 0.14.2
    cpu: [x64]
    os: [openbsd]
    requiresBuild: true
    dev: false
    optional: true

  registry.npmmirror.com/esbuild-runner/2.2.1_esbuild@0.14.2:
    resolution: {integrity: sha1-OGb8piy/lkXpObQ6DGVEb5pTBk8=, registry: https://registry.npm.taobao.org/, tarball: https://registry.npmmirror.com/esbuild-runner/download/esbuild-runner-2.2.1.tgz}
    id: registry.npmmirror.com/esbuild-runner/2.2.1
    name: esbuild-runner
    version: 2.2.1
    hasBin: true
    peerDependencies:
      esbuild: '*'
    dependencies:
      esbuild: registry.npmmirror.com/esbuild/0.14.2
      source-map-support: registry.npmmirror.com/source-map-support/0.5.19
      tslib: registry.nlark.com/tslib/2.3.1
    dev: false

  registry.npmmirror.com/esbuild-sunos-64/0.14.2:
    resolution: {integrity: sha512-Q3xcf9Uyfra9UuCFxoLixVvdigo0daZaKJ97TL2KNA4bxRUPK18wwGUk3AxvgDQZpRmg82w9PnkaNYo7a+24ow==, registry: https://registry.npm.taobao.org/, tarball: https://registry.npmmirror.com/esbuild-sunos-64/download/esbuild-sunos-64-0.14.2.tgz}
    name: esbuild-sunos-64
    version: 0.14.2
    cpu: [x64]
    os: [sunos]
    requiresBuild: true
    dev: false
    optional: true

  registry.npmmirror.com/esbuild-windows-32/0.14.2:
    resolution: {integrity: sha512-TW7O49tPsrq+N1sW8mb3m24j/iDGa4xzAZH4wHWwoIzgtZAYPKC0hpIhufRRG/LA30bdMChO9pjJZ5mtcybtBQ==, registry: https://registry.npm.taobao.org/, tarball: https://registry.npmmirror.com/esbuild-windows-32/download/esbuild-windows-32-0.14.2.tgz}
    name: esbuild-windows-32
    version: 0.14.2
    cpu: [ia32]
    os: [win32]
    requiresBuild: true
    dev: false
    optional: true

  registry.npmmirror.com/esbuild-windows-64/0.14.2:
    resolution: {integrity: sha512-Rym6ViMNmi1E2QuQMWy0AFAfdY0wGwZD73BnzlsQBX5hZBuy/L+Speh7ucUZ16gwsrMM9v86icZUDrSN/lNBKg==, registry: https://registry.npm.taobao.org/, tarball: https://registry.npmmirror.com/esbuild-windows-64/download/esbuild-windows-64-0.14.2.tgz}
    name: esbuild-windows-64
    version: 0.14.2
    cpu: [x64]
    os: [win32]
    requiresBuild: true
    dev: false
    optional: true

  registry.npmmirror.com/esbuild-windows-arm64/0.14.2:
    resolution: {integrity: sha512-ZrLbhr0vX5Em/P1faMnHucjVVWPS+m3tktAtz93WkMZLmbRJevhiW1y4CbulBd2z0MEdXZ6emDa1zFHq5O5bSA==, registry: https://registry.npm.taobao.org/, tarball: https://registry.npmmirror.com/esbuild-windows-arm64/download/esbuild-windows-arm64-0.14.2.tgz}
    name: esbuild-windows-arm64
    version: 0.14.2
    cpu: [arm64]
    os: [win32]
    requiresBuild: true
    dev: false
    optional: true

  registry.npmmirror.com/esbuild/0.14.2:
    resolution: {integrity: sha512-l076A6o/PIgcyM24s0dWmDI/b8RQf41uWoJu9I0M71CtW/YSw5T5NUeXxs5lo2tFQD+O4CW4nBHJXx3OY5NpXg==, registry: https://registry.npm.taobao.org/, tarball: https://registry.npmmirror.com/esbuild/download/esbuild-0.14.2.tgz}
    name: esbuild
    version: 0.14.2
    hasBin: true
    requiresBuild: true
    optionalDependencies:
      esbuild-android-arm64: registry.npmmirror.com/esbuild-android-arm64/0.14.2
      esbuild-darwin-64: registry.npmmirror.com/esbuild-darwin-64/0.14.2
      esbuild-darwin-arm64: registry.npmmirror.com/esbuild-darwin-arm64/0.14.2
      esbuild-freebsd-64: registry.npmmirror.com/esbuild-freebsd-64/0.14.2
      esbuild-freebsd-arm64: registry.npmmirror.com/esbuild-freebsd-arm64/0.14.2
      esbuild-linux-32: registry.npmmirror.com/esbuild-linux-32/0.14.2
      esbuild-linux-64: registry.npmmirror.com/esbuild-linux-64/0.14.2
      esbuild-linux-arm: registry.npmmirror.com/esbuild-linux-arm/0.14.2
      esbuild-linux-arm64: registry.npmmirror.com/esbuild-linux-arm64/0.14.2
      esbuild-linux-mips64le: registry.npmmirror.com/esbuild-linux-mips64le/0.14.2
      esbuild-linux-ppc64le: registry.npmmirror.com/esbuild-linux-ppc64le/0.14.2
      esbuild-netbsd-64: registry.npmmirror.com/esbuild-netbsd-64/0.14.2
      esbuild-openbsd-64: registry.npmmirror.com/esbuild-openbsd-64/0.14.2
      esbuild-sunos-64: registry.npmmirror.com/esbuild-sunos-64/0.14.2
      esbuild-windows-32: registry.npmmirror.com/esbuild-windows-32/0.14.2
      esbuild-windows-64: registry.npmmirror.com/esbuild-windows-64/0.14.2
      esbuild-windows-arm64: registry.npmmirror.com/esbuild-windows-arm64/0.14.2
    dev: false

  registry.npmmirror.com/follow-redirects/1.14.5:
    resolution: {integrity: sha1-8JpYSJgdPHcrU5Iwl3hSP42Fw4E=, registry: https://registry.npm.taobao.org/, tarball: https://registry.npmmirror.com/follow-redirects/download/follow-redirects-1.14.5.tgz}
    name: follow-redirects
    version: 1.14.5
    engines: {node: '>=4.0'}
    peerDependencies:
      debug: '*'
    peerDependenciesMeta:
      debug:
        optional: true
    dev: false

  registry.npmmirror.com/htmlparser2/6.1.0:
    resolution: {integrity: sha1-xNditsM3GgXb5l6UrkOp+EX7j7c=, registry: https://registry.npm.taobao.org/, tarball: https://registry.npmmirror.com/htmlparser2/download/htmlparser2-6.1.0.tgz}
    name: htmlparser2
    version: 6.1.0
    dependencies:
      domelementtype: registry.nlark.com/domelementtype/2.2.0
      domhandler: registry.nlark.com/domhandler/4.2.2
      domutils: registry.nlark.com/domutils/2.8.0
      entities: registry.nlark.com/entities/2.2.0
    dev: false

  registry.npmmirror.com/source-map-support/0.5.19:
    resolution: {integrity: sha1-qYti+G3K9PZzmWSMCFKRq56P7WE=, registry: https://registry.npm.taobao.org/, tarball: https://registry.npmmirror.com/source-map-support/download/source-map-support-0.5.19.tgz?cache=0&sync_timestamp=1637320591936&other_urls=https%3A%2F%2Fregistry.npmmirror.com%2Fsource-map-support%2Fdownload%2Fsource-map-support-0.5.19.tgz}
    name: source-map-support
    version: 0.5.19
    dependencies:
      buffer-from: registry.nlark.com/buffer-from/1.1.2
      source-map: registry.nlark.com/source-map/0.6.1
    dev: false

  registry.npmmirror.com/ws/7.5.6:
    resolution: {integrity: sha512-6GLgCqo2cy2A2rjCNFlxQS6ZljG/coZfZXclldI8FB/1G3CCI36Zd8xy2HrFVACi8tfk5XrgLQEk+P0Tnz9UcA==, registry: https://registry.npm.taobao.org/, tarball: https://registry.npmmirror.com/ws/download/ws-7.5.6.tgz}
    name: ws
    version: 7.5.6
    engines: {node: '>=8.3.0'}
    peerDependencies:
      bufferutil: ^4.0.1
      utf-8-validate: ^5.0.2
    peerDependenciesMeta:
      bufferutil:
        optional: true
      utf-8-validate:
        optional: true
    dev: false

  registry.npmmirror.com/zlib/1.0.5:
    resolution: {integrity: sha1-bnyXL8NxxkWmr7A6sUdp3vEU/MA=, registry: https://registry.npm.taobao.org/, tarball: https://registry.npmmirror.com/zlib/download/zlib-1.0.5.tgz}
    name: zlib
    version: 1.0.5
    engines: {node: '>=0.2.0'}
    dev: false
